// !$*UTF8*$!
{
	archiveVersion = 1;
	classes = {
	};
	objectVersion = 46;
	objects = {

/* Begin PBXBuildFile section */
		11EF18571E28A3CB008626AA /* main.m in Sources */ = {isa = PBXBuildFile; fileRef = 11EF18561E28A3CB008626AA /* main.m */; };
		11EF185A1E28A3CB008626AA /* AppDelegate.m in Sources */ = {isa = PBXBuildFile; fileRef = 11EF18591E28A3CB008626AA /* AppDelegate.m */; };
		11EF185D1E28A3CB008626AA /* ViewController.m in Sources */ = {isa = PBXBuildFile; fileRef = 11EF185C1E28A3CB008626AA /* ViewController.m */; };
		11EF18601E28A3CB008626AA /* Main.storyboard in Resources */ = {isa = PBXBuildFile; fileRef = 11EF185E1E28A3CB008626AA /* Main.storyboard */; };
		11EF18621E28A3CB008626AA /* Assets.xcassets in Resources */ = {isa = PBXBuildFile; fileRef = 11EF18611E28A3CB008626AA /* Assets.xcassets */; };
		11EF18651E28A3CB008626AA /* LaunchScreen.storyboard in Resources */ = {isa = PBXBuildFile; fileRef = 11EF18631E28A3CB008626AA /* LaunchScreen.storyboard */; };
/* End PBXBuildFile section */

/* Begin PBXFileReference section */
		11EF18521E28A3CB008626AA /* QRCode.app */ = {isa = PBXFileReference; explicitFileType = wrapper.application; includeInIndex = 0; path = QRCode.app; sourceTree = BUILT_PRODUCTS_DIR; };
		11EF18561E28A3CB008626AA /* main.m */ = {isa = PBXFileReference; lastKnownFileType = sourcecode.c.objc; path = main.m; sourceTree = "<group>"; };
		11EF18581E28A3CB008626AA /* AppDelegate.h */ = {isa = PBXFileReference; lastKnownFileType = sourcecode.c.h; path = AppDelegate.h; sourceTree = "<group>"; };
		11EF18591E28A3CB008626AA /* AppDelegate.m */ = {isa = PBXFileReference; lastKnownFileType = sourcecode.c.objc; path = AppDelegate.m; sourceTree = "<group>"; };
		11EF185B1E28A3CB008626AA /* ViewController.h */ = {isa = PBXFileReference; lastKnownFileType = sourcecode.c.h; path = ViewController.h; sourceTree = "<group>"; };
		11EF185C1E28A3CB008626AA /* ViewController.m */ = {isa = PBXFileReference; lastKnownFileType = sourcecode.c.objc; path = ViewController.m; sourceTree = "<group>"; };
		11EF185F1E28A3CB008626AA /* Base */ = {isa = PBXFileReference; lastKnownFileType = file.storyboard; name = Base; path = Base.lproj/Main.storyboard; sourceTree = "<group>"; };
		11EF18611E28A3CB008626AA /* Assets.xcassets */ = {isa = PBXFileReference; lastKnownFileType = folder.assetcatalog; path = Assets.xcassets; sourceTree = "<group>"; };
		11EF18641E28A3CB008626AA /* Base */ = {isa = PBXFileReference; lastKnownFileType = file.storyboard; name = Base; path = Base.lproj/LaunchScreen.storyboard; sourceTree = "<group>"; };
		11EF18661E28A3CB008626AA /* Info.plist */ = {isa = PBXFileReference; lastKnownFileType = text.plist.xml; path = Info.plist; sourceTree = "<group>"; };
/* End PBXFileReference section */

/* Begin PBXFrameworksBuildPhase section */
		11EF184F1E28A3CB008626AA /* Frameworks */ = {
			isa = PBXFrameworksBuildPhase;
			buildActionMask = 2147483647;
			files = (
			);
			runOnlyForDeploymentPostprocessing = 0;
		};
/* End PBXFrameworksBuildPhase section */

/* Begin PBXGroup section */
		11EF18491E28A3CB008626AA = {
			isa = PBXGroup;
			children = (
				11EF18541E28A3CB008626AA /* QRCode */,
				11EF18531E28A3CB008626AA /* Products */,
			);
			sourceTree = "<group>";
		};
		11EF18531E28A3CB008626AA /* Products */ = {
			isa = PBXGroup;
			children = (
				11EF18521E28A3CB008626AA /* QRCode.app */,
			);
			name = Products;
			sourceTree = "<group>";
		};
		11EF18541E28A3CB008626AA /* QRCode */ = {
			isa = PBXGroup;
			children = (
				11EF18581E28A3CB008626AA /* AppDelegate.h */,
				11EF18591E28A3CB008626AA /* AppDelegate.m */,
				11EF185B1E28A3CB008626AA /* ViewController.h */,
				11EF185C1E28A3CB008626AA /* ViewController.m */,
				11EF185E1E28A3CB008626AA /* Main.storyboard */,
				11EF18551E28A3CB008626AA /* Supporting Files */,
			);
			path = QRCode;
			sourceTree = "<group>";
		};
		11EF18551E28A3CB008626AA /* Supporting Files */ = {
			isa = PBXGroup;
			children = (
				11EF18611E28A3CB008626AA /* Assets.xcassets */,
				11EF18631E28A3CB008626AA /* LaunchScreen.storyboard */,
				11EF18661E28A3CB008626AA /* Info.plist */,
				11EF18561E28A3CB008626AA /* main.m */,
			);
			name = "Supporting Files";
			sourceTree = "<group>";
		};
/* End PBXGroup section */

/* Begin PBXNativeTarget section */
		11EF18511E28A3CB008626AA /* QRCode */ = {
			isa = PBXNativeTarget;
			buildConfigurationList = 11EF18691E28A3CB008626AA /* Build configuration list for PBXNativeTarget "QRCode" */;
			buildPhases = (
				11EF184E1E28A3CB008626AA /* Sources */,
				11EF184F1E28A3CB008626AA /* Frameworks */,
				11EF18501E28A3CB008626AA /* Resources */,
			);
			buildRules = (
			);
			dependencies = (
			);
			name = QRCode;
			productName = QRCode;
			productReference = 11EF18521E28A3CB008626AA /* QRCode.app */;
			productType = "com.apple.product-type.application";
		};
/* End PBXNativeTarget section */

/* Begin PBXProject section */
		11EF184A1E28A3CB008626AA /* Project object */ = {
			isa = PBXProject;
			attributes = {
				LastUpgradeCheck = 0810;
				ORGANIZATIONNAME = "Mac-b";
				TargetAttributes = {
					11EF18511E28A3CB008626AA = {
						CreatedOnToolsVersion = 8.1;
						DevelopmentTeam = 9S578ADP92;
						ProvisioningStyle = Automatic;
					};
				};
			};
			buildConfigurationList = 11EF184D1E28A3CB008626AA /* Build configuration list for PBXProject "QRCode" */;
			compatibilityVersion = "Xcode 3.2";
			developmentRegion = English;
			hasScannedForEncodings = 0;
			knownRegions = (
				en,
				Base,
			);
			mainGroup = 11EF18491E28A3CB008626AA;
			productRefGroup = 11EF18531E28A3CB008626AA /* Products */;
			projectDirPath = "";
			projectRoot = "";
			targets = (
				11EF18511E28A3CB008626AA /* QRCode */,
			);
		};
/* End PBXProject section */

/* Begin PBXResourcesBuildPhase section */
		11EF18501E28A3CB008626AA /* Resources */ = {
			isa = PBXResourcesBuildPhase;
			buildActionMask = 2147483647;
			files = (
				11EF18651E28A3CB008626AA /* LaunchScreen.storyboard in Resources */,
				11EF18621E28A3CB008626AA /* Assets.xcassets in Resources */,
				11EF18601E28A3CB008626AA /* Main.storyboard in Resources */,
			);
			runOnlyForDeploymentPostprocessing = 0;
		};
/* End PBXResourcesBuildPhase section */

/* Begin PBXSourcesBuildPhase section */
		11EF184E1E28A3CB008626AA /* Sources */ = {
			isa = PBXSourcesBuildPhase;
			buildActionMask = 2147483647;
			files = (
				11EF185D1E28A3CB008626AA /* ViewController.m in Sources */,
				11EF185A1E28A3CB008626AA /* AppDelegate.m in Sources */,
				11EF18571E28A3CB008626AA /* main.m in Sources */,
			);
			runOnlyForDeploymentPostprocessing = 0;
		};
/* End PBXSourcesBuildPhase section */

/* Begin PBXVariantGroup section */
		11EF185E1E28A3CB008626AA /* Main.storyboard */ = {
			isa = PBXVariantGroup;
			children = (
				11EF185F1E28A3CB008626AA /* Base */,
			);
			name = Main.storyboard;
			sourceTree = "<group>";
		};
		11EF18631E28A3CB008626AA /* LaunchScreen.storyboard */ = {
			isa = PBXVariantGroup;
			children = (
				11EF18641E28A3CB008626AA /* Base */,
			);
			name = LaunchScreen.storyboard;
			sourceTree = "<group>";
		};
/* End PBXVariantGroup section */

/* Begin XCBuildConfiguration section */
		11EF18671E28A3CB008626AA /* Debug */ = {
			isa = XCBuildConfiguration;
			buildSettings = {
				ALWAYS_SEARCH_USER_PATHS = NO;
				CLANG_ANALYZER_NONNULL = YES;
				CLANG_CXX_LANGUAGE_STANDARD = "gnu++0x";
				CLANG_CXX_LIBRARY = "libc++";
				CLANG_ENABLE_MODULES = YES;
				CLANG_ENABLE_OBJC_ARC = YES;
				CLANG_WARN_BOOL_CONVERSION = YES;
				CLANG_WARN_CONSTANT_CONVERSION = YES;
				CLANG_WARN_DIRECT_OBJC_ISA_USAGE = YES_ERROR;
				CLANG_WARN_DOCUMENTATION_COMMENTS = YES;
				CLANG_WARN_EMPTY_BODY = YES;
				CLANG_WARN_ENUM_CONVERSION = YES;
				CLANG_WARN_INFINITE_RECURSION = YES;
				CLANG_WARN_INT_CONVERSION = YES;
				CLANG_WARN_OBJC_ROOT_CLASS = YES_ERROR;
				CLANG_WARN_SUSPICIOUS_MOVES = YES;
				CLANG_WARN_UNREACHABLE_CODE = YES;
				CLANG_WARN__DUPLICATE_METHOD_MATCH = YES;
				"CODE_SIGN_IDENTITY[sdk=iphoneos*]" = "iPhone Developer";
				COPY_PHASE_STRIP = NO;
				DEBUG_INFORMATION_FORMAT = dwarf;
				ENABLE_STRICT_OBJC_MSGSEND = YES;
				ENABLE_TESTABILITY = YES;
				GCC_C_LANGUAGE_STANDARD = gnu99;
				GCC_DYNAMIC_NO_PIC = NO;
				GCC_NO_COMMON_BLOCKS = YES;
				GCC_OPTIMIZATION_LEVEL = 0;
				GCC_PREPROCESSOR_DEFINITIONS = (
					"DEBUG=1",
					"$(inherited)",
				);
				GCC_WARN_64_TO_32_BIT_CONVERSION = YES;
				GCC_WARN_ABOUT_RETURN_TYPE = YES_ERROR;
				GCC_WARN_UNDECLARED_SELECTOR = YES;
				GCC_WARN_UNINITIALIZED_AUTOS = YES_AGGRESSIVE;
				GCC_WARN_UNUSED_FUNCTION = YES;
				GCC_WARN_UNUSED_VARIABLE = YES;
				IPHONEOS_DEPLOYMENT_TARGET = 10.1;
				MTL_ENABLE_DEBUG_INFO = YES;
				ONLY_ACTIVE_ARCH = YES;
				SDKROOT = iphoneos;
				TARGETED_DEVICE_FAMILY = "1,2";
			};
			name = Debug;
		};
		11EF18681E28A3CB008626AA /* Release */ = {
			isa = XCBuildConfiguration;
			buildSettings = {
				ALWAYS_SEARCH_USER_PATHS = NO;
				CLANG_ANALYZER_NONNULL = YES;
				CLANG_CXX_LANGUAGE_STANDARD = "gnu++0x";
				CLANG_CXX_LIBRARY = "libc++";
				CLANG_ENABLE_MODULES = YES;
				CLANG_ENABLE_OBJC_ARC = YES;
				CLANG_WARN_BOOL_CONVERSION = YES;
				CLANG_WARN_CONSTANT_CONVERSION = YES;
				CLANG_WARN_DIRECT_OBJC_ISA_USAGE = YES_ERROR;
				CLANG_WARN_DOCUMENTATION_COMMENTS = YES;
				CLANG_WARN_EMPTY_BODY = YES;
				CLANG_WARN_ENUM_CONVERSION = YES;
				CLANG_WARN_INFINITE_RECURSION = YES;
				CLANG_WARN_INT_CONVERSION = YES;
				CLANG_WARN_OBJC_ROOT_CLASS = YES_ERROR;
				CLANG_WARN_SUSPICIOUS_MOVES = YES;
				CLANG_WARN_UNREACHABLE_CODE = YES;
				CLANG_WARN__DUPLICATE_METHOD_MATCH = YES;
				"CODE_SIGN_IDENTITY[sdk=iphoneos*]" = "iPhone Developer";
				COPY_PHASE_STRIP = NO;
				DEBUG_INFORMATION_FORMAT = "dwarf-with-dsym";
				ENABLE_NS_ASSERTIONS = NO;
				ENABLE_STRICT_OBJC_MSGSEND = YES;
				GCC_C_LANGUAGE_STANDARD = gnu99;
				GCC_NO_COMMON_BLOCKS = YES;
				GCC_WARN_64_TO_32_BIT_CONVERSION = YES;
				GCC_WARN_ABOUT_RETURN_TYPE = YES_ERROR;
				GCC_WARN_UNDECLARED_SELECTOR = YES;
				GCC_WARN_UNINITIALIZED_AUTOS = YES_AGGRESSIVE;
				GCC_WARN_UNUSED_FUNCTION = YES;
				GCC_WARN_UNUSED_VARIABLE = YES;
				IPHONEOS_DEPLOYMENT_TARGET = 10.1;
				MTL_ENABLE_DEBUG_INFO = NO;
				SDKROOT = iphoneos;
				TARGETED_DEVICE_FAMILY = "1,2";
				VALIDATE_PRODUCT = YES;
			};
			name = Release;
		};
		11EF186A1E28A3CB008626AA /* Debug */ = {
			isa = XCBuildConfiguration;
			buildSettings = {
				ASSETCATALOG_COMPILER_APPICON_NAME = AppIcon;
				DEVELOPMENT_TEAM = 9S578ADP92;
				INFOPLIST_FILE = QRCode/Info.plist;
				IPHONEOS_DEPLOYMENT_TARGET = 10.2;
				LD_RUNPATH_SEARCH_PATHS = "$(inherited) @executable_path/Frameworks";
				PRODUCT_BUNDLE_IDENTIFIER = "b-Mac.QRCode";
				PRODUCT_NAME = "$(TARGET_NAME)";
				TARGETED_DEVICE_FAMILY = "1,2";
			};
			name = Debug;
		};
		11EF186B1E28A3CB008626AA /* Release */ = {
			isa = XCBuildConfiguration;
			buildSettings = {
				ASSETCATALOG_COMPILER_APPICON_NAME = AppIcon;
				DEVELOPMENT_TEAM = 9S578ADP92;
				INFOPLIST_FILE = QRCode/Info.plist;
				IPHONEOS_DEPLOYMENT_TARGET = 10.2;
				LD_RUNPATH_SEARCH_PATHS = "$(inherited) @executable_path/Frameworks";
				PRODUCT_BUNDLE_IDENTIFIER = "b-Mac.QRCode";
				PRODUCT_NAME = "$(TARGET_NAME)";
				TARGETED_DEVICE_FAMILY = "1,2";
			};
			name = Release;
		};
/* End XCBuildConfiguration section */

/* Begin XCConfigurationList section */
		11EF184D1E28A3CB008626AA /* Build configuration list for PBXProject "QRCode" */ = {
			isa = XCConfigurationList;
			buildConfigurations = (
				11EF18671E28A3CB008626AA /* Debug */,
				11EF18681E28A3CB008626AA /* Release */,
			);
			defaultConfigurationIsVisible = 0;
			defaultConfigurationName = Release;
		};
		11EF18691E28A3CB008626AA /* Build configuration list for PBXNativeTarget "QRCode" */ = {
			isa = XCConfigurationList;
			buildConfigurations = (
				11EF186A1E28A3CB008626AA /* Debug */,
				11EF186B1E28A3CB008626AA /* Release */,
			);
			defaultConfigurationIsVisible = 0;
			defaultConfigurationName = Release;
		};
/* End XCConfigurationList section */
	};
	rootObject = 11EF184A1E28A3CB008626AA /* Project object */;
}
